<?xml version="1.0" encoding="utf-8"?>
<Project ToolsVersion="4.0" xmlns="http://schemas.microsoft.com/developer/msbuild/2003">
  <ItemGroup>
    <Filter Include="리소스 파일">
      <UniqueIdentifier>{67DA6AB6-F800-4c08-8B7A-83BB121AAD01}</UniqueIdentifier>
      <Extensions>rc;ico;cur;bmp;dlg;rc2;rct;bin;rgs;gif;jpg;jpeg;jpe;resx;tiff;tif;png;wav;mfcribbon-ms</Extensions>
    </Filter>
    <Filter Include="01 ClientManager">
      <UniqueIdentifier>{60c77d0c-a209-42db-8895-7bbf6c860a89}</UniqueIdentifier>
    </Filter>
    <Filter Include="02. Scene">
      <UniqueIdentifier>{cf56a2d4-123f-48b7-bc6b-aeafadf8c9b4}</UniqueIdentifier>
    </Filter>
    <Filter Include="03. GameObject">
      <UniqueIdentifier>{4a43c27d-b890-4c70-baf0-2f1902d8151a}</UniqueIdentifier>
    </Filter>
    <Filter Include="04. Setting">
      <UniqueIdentifier>{4a7300e7-484f-4a67-b633-58233b7c7d97}</UniqueIdentifier>
    </Filter>
    <Filter Include="05. UI">
      <UniqueIdentifier>{8ecbbbd3-ebf8-408b-af91-267e219aa31f}</UniqueIdentifier>
    </Filter>
  </ItemGroup>
  <ItemGroup>
    <ClCompile Include="Client3DManager.cpp">
      <Filter>01 ClientManager</Filter>
    </ClCompile>
    <ClCompile Include="Scene\MainSceneInfo.cpp">
      <Filter>02. Scene</Filter>
    </ClCompile>
    <ClCompile Include="Setting\EngineShareSetting.cpp">
      <Filter>04. Setting</Filter>
    </ClCompile>
    <ClCompile Include="Setting\DefaultSetting.cpp">
      <Filter>04. Setting</Filter>
    </ClCompile>
    <ClCompile Include="main.cpp">
      <Filter>리소스 파일</Filter>
    </ClCompile>
    <ClCompile Include="Scene\LoadingSceneInfo.cpp">
      <Filter>02. Scene</Filter>
    </ClCompile>
    <ClCompile Include="UI\BossUI.cpp">
      <Filter>05. UI</Filter>
    </ClCompile>
    <ClCompile Include="UI\DialogUI.cpp">
      <Filter>05. UI</Filter>
    </ClCompile>
    <ClCompile Include="UI\InteractUI.cpp">
      <Filter>05. UI</Filter>
    </ClCompile>
    <ClCompile Include="UI\LoadingUI.cpp">
      <Filter>05. UI</Filter>
    </ClCompile>
    <ClCompile Include="UI\PauseUI.cpp">
      <Filter>05. UI</Filter>
    </ClCompile>
    <ClCompile Include="UI\PlayerUI.cpp">
      <Filter>05. UI</Filter>
    </ClCompile>
    <ClCompile Include="UI\StartSceneUI.cpp">
      <Filter>05. UI</Filter>
    </ClCompile>
    <ClCompile Include="UI\TitleSceneUI.cpp">
      <Filter>05. UI</Filter>
    </ClCompile>
    <ClCompile Include="GameObject\Bullet.cpp">
      <Filter>03. GameObject</Filter>
    </ClCompile>
    <ClCompile Include="GameObject\Cannon.cpp">
      <Filter>03. GameObject</Filter>
    </ClCompile>
    <ClCompile Include="GameObject\Dupli_Can.cpp">
      <Filter>03. GameObject</Filter>
    </ClCompile>
    <ClCompile Include="GameObject\Duplicatotron.cpp">
      <Filter>03. GameObject</Filter>
    </ClCompile>
    <ClCompile Include="GameObject\ElectricRing.cpp">
      <Filter>03. GameObject</Filter>
    </ClCompile>
    <ClCompile Include="GameObject\Fodder.cpp">
      <Filter>03. GameObject</Filter>
    </ClCompile>
    <ClCompile Include="GameObject\FodderDebris.cpp">
      <Filter>03. GameObject</Filter>
    </ClCompile>
    <ClCompile Include="GameObject\Gizmo.cpp">
      <Filter>03. GameObject</Filter>
    </ClCompile>
    <ClCompile Include="GameObject\Hammer.cpp">
      <Filter>03. GameObject</Filter>
    </ClCompile>
    <ClCompile Include="GameObject\HammerDebris.cpp">
      <Filter>03. GameObject</Filter>
    </ClCompile>
    <ClCompile Include="GameObject\Jellyfish.cpp">
      <Filter>03. GameObject</Filter>
    </ClCompile>
    <ClCompile Include="GameObject\JellyfishElectric.cpp">
      <Filter>03. GameObject</Filter>
    </ClCompile>
    <ClCompile Include="GameObject\KingJellyfish.cpp">
      <Filter>03. GameObject</Filter>
    </ClCompile>
    <ClCompile Include="GameObject\Missile.cpp">
      <Filter>03. GameObject</Filter>
    </ClCompile>
    <ClCompile Include="GameObject\Monster.cpp">
      <Filter>03. GameObject</Filter>
    </ClCompile>
    <ClCompile Include="GameObject\PatrickObject.cpp">
      <Filter>03. GameObject</Filter>
    </ClCompile>
    <ClCompile Include="GameObject\Player.cpp">
      <Filter>03. GameObject</Filter>
    </ClCompile>
    <ClCompile Include="GameObject\Pufferfish.cpp">
      <Filter>03. GameObject</Filter>
    </ClCompile>
    <ClCompile Include="GameObject\SpongebobMissile.cpp">
      <Filter>03. GameObject</Filter>
    </ClCompile>
    <ClCompile Include="GameObject\TeeterRock.cpp">
      <Filter>03. GameObject</Filter>
    </ClCompile>
    <ClCompile Include="GameObject\Weapon.cpp">
      <Filter>03. GameObject</Filter>
    </ClCompile>
    <ClCompile Include="GameObject\Tikis\Tiki_Stone.cpp">
      <Filter>03. GameObject</Filter>
    </ClCompile>
    <ClCompile Include="GameObject\Tikis\Tiki_Thunder.cpp">
      <Filter>03. GameObject</Filter>
    </ClCompile>
    <ClCompile Include="GameObject\Tikis\Tiki_Wood.cpp">
      <Filter>03. GameObject</Filter>
    </ClCompile>
    <ClCompile Include="GameObject\Tikis\TikiBase.cpp">
      <Filter>03. GameObject</Filter>
    </ClCompile>
    <ClCompile Include="GameObject\Object\CheckPoint.cpp">
      <Filter>03. GameObject</Filter>
    </ClCompile>
    <ClCompile Include="GameObject\Object\Gate.cpp">
      <Filter>03. GameObject</Filter>
    </ClCompile>
    <ClCompile Include="GameObject\Object\IceCube.cpp">
      <Filter>03. GameObject</Filter>
    </ClCompile>
    <ClCompile Include="GameObject\Object\JumpTree.cpp">
      <Filter>03. GameObject</Filter>
    </ClCompile>
    <ClCompile Include="GameObject\Object\Pool.cpp">
      <Filter>03. GameObject</Filter>
    </ClCompile>
    <ClCompile Include="GameObject\Object\TeleportBox.cpp">
      <Filter>03. GameObject</Filter>
    </ClCompile>
    <ClCompile Include="GameObject\Object\JFF\Grass.cpp">
      <Filter>03. GameObject</Filter>
    </ClCompile>
    <ClCompile Include="GameObject\Object\Common\InteractButton.cpp">
      <Filter>03. GameObject</Filter>
    </ClCompile>
    <ClCompile Include="GameObject\Object\Common\Trampoline.cpp">
      <Filter>03. GameObject</Filter>
    </ClCompile>
    <ClCompile Include="GameObject\Object\Common\Collectible\CollectibleItems.cpp">
      <Filter>03. GameObject</Filter>
    </ClCompile>
    <ClCompile Include="GameObject\Object\Common\Collectible\GoldenSpatula.cpp">
      <Filter>03. GameObject</Filter>
    </ClCompile>
    <ClCompile Include="GameObject\Object\Common\Collectible\ShinyFlower.cpp">
      <Filter>03. GameObject</Filter>
    </ClCompile>
    <ClCompile Include="GameObject\Object\Common\Collectible\Sock.cpp">
      <Filter>03. GameObject</Filter>
    </ClCompile>
    <ClCompile Include="GameObject\Object\Common\Collectible\UnderWear.cpp">
      <Filter>03. GameObject</Filter>
    </ClCompile>
    <ClCompile Include="GameObject\Object\CBL\CBL_BaseMesh.cpp">
      <Filter>03. GameObject</Filter>
    </ClCompile>
    <ClCompile Include="GameObject\Object\CBL\CBL_Floor.cpp">
      <Filter>03. GameObject</Filter>
    </ClCompile>
    <ClCompile Include="GameObject\Object\CBL\CBL_Platform.cpp">
      <Filter>03. GameObject</Filter>
    </ClCompile>
    <ClCompile Include="GameObject\Object\BB\BusStop.cpp">
      <Filter>03. GameObject</Filter>
    </ClCompile>
    <ClCompile Include="GameObject\Npc\BusDriver.cpp">
      <Filter>03. GameObject</Filter>
    </ClCompile>
    <ClCompile Include="GameObject\Npc\InfoSign.cpp">
      <Filter>03. GameObject</Filter>
    </ClCompile>
    <ClCompile Include="GameObject\Npc\MrKrabs.cpp">
      <Filter>03. GameObject</Filter>
    </ClCompile>
    <ClCompile Include="GameObject\Npc\Npc.cpp">
      <Filter>03. GameObject</Filter>
    </ClCompile>
    <ClCompile Include="GameObject\Npc\Patric.cpp">
      <Filter>03. GameObject</Filter>
    </ClCompile>
    <ClCompile Include="GameObject\Npc\Squidward.cpp">
      <Filter>03. GameObject</Filter>
    </ClCompile>
    <ClCompile Include="GameObject\Npc\TaxiDriver.cpp">
      <Filter>03. GameObject</Filter>
    </ClCompile>
    <ClCompile Include="GameObject\BossMonster\BossMonster.cpp">
      <Filter>03. GameObject</Filter>
    </ClCompile>
    <ClCompile Include="GameObject\BossMonster\RoboSponge\RoboSponge.cpp">
      <Filter>03. GameObject</Filter>
    </ClCompile>
    <ClCompile Include="GameObject\BossMonster\RoboSponge\RoboSponge_AttackWords.cpp">
      <Filter>03. GameObject</Filter>
    </ClCompile>
    <ClCompile Include="GameObject\BossMonster\RoboSponge\RoboSponge_Knob.cpp">
      <Filter>03. GameObject</Filter>
    </ClCompile>
    <ClCompile Include="Setting\PlayerSkill.cpp">
      <Filter>04. Setting</Filter>
    </ClCompile>
  </ItemGroup>
  <ItemGroup>
    <ClInclude Include="Client3DManager.h">
      <Filter>01 ClientManager</Filter>
    </ClInclude>
    <ClInclude Include="Scene\MainSceneInfo.h">
      <Filter>02. Scene</Filter>
    </ClInclude>
    <ClInclude Include="Setting\EngineShareSetting.h">
      <Filter>04. Setting</Filter>
    </ClInclude>
    <ClInclude Include="Setting\DefaultSetting.h">
      <Filter>04. Setting</Filter>
    </ClInclude>
    <ClInclude Include="Client3D.h">
      <Filter>리소스 파일</Filter>
    </ClInclude>
    <ClInclude Include="resource.h">
      <Filter>리소스 파일</Filter>
    </ClInclude>
    <ClInclude Include="Scene\LoadingSceneInfo.h">
      <Filter>02. Scene</Filter>
    </ClInclude>
    <ClInclude Include="UI\BossUI.h">
      <Filter>05. UI</Filter>
    </ClInclude>
    <ClInclude Include="UI\DialogUI.h">
      <Filter>05. UI</Filter>
    </ClInclude>
    <ClInclude Include="UI\InteractUI.h">
      <Filter>05. UI</Filter>
    </ClInclude>
    <ClInclude Include="UI\LoadingUI.h">
      <Filter>05. UI</Filter>
    </ClInclude>
    <ClInclude Include="UI\PauseUI.h">
      <Filter>05. UI</Filter>
    </ClInclude>
    <ClInclude Include="UI\PlayerUI.h">
      <Filter>05. UI</Filter>
    </ClInclude>
    <ClInclude Include="UI\StartSceneUI.h">
      <Filter>05. UI</Filter>
    </ClInclude>
    <ClInclude Include="UI\TitleSceneUI.h">
      <Filter>05. UI</Filter>
    </ClInclude>
    <ClInclude Include="GameObject\Bullet.h">
      <Filter>03. GameObject</Filter>
    </ClInclude>
    <ClInclude Include="GameObject\Cannon.h">
      <Filter>03. GameObject</Filter>
    </ClInclude>
    <ClInclude Include="GameObject\Dupli_Can.h">
      <Filter>03. GameObject</Filter>
    </ClInclude>
    <ClInclude Include="GameObject\Duplicatotron.h">
      <Filter>03. GameObject</Filter>
    </ClInclude>
    <ClInclude Include="GameObject\ElectricRing.h">
      <Filter>03. GameObject</Filter>
    </ClInclude>
    <ClInclude Include="GameObject\Fodder.h">
      <Filter>03. GameObject</Filter>
    </ClInclude>
    <ClInclude Include="GameObject\FodderDebris.h">
      <Filter>03. GameObject</Filter>
    </ClInclude>
    <ClInclude Include="GameObject\Gizmo.h">
      <Filter>03. GameObject</Filter>
    </ClInclude>
    <ClInclude Include="GameObject\Hammer.h">
      <Filter>03. GameObject</Filter>
    </ClInclude>
    <ClInclude Include="GameObject\HammerDebris.h">
      <Filter>03. GameObject</Filter>
    </ClInclude>
    <ClInclude Include="GameObject\Jellyfish.h">
      <Filter>03. GameObject</Filter>
    </ClInclude>
    <ClInclude Include="GameObject\JellyfishElectric.h">
      <Filter>03. GameObject</Filter>
    </ClInclude>
    <ClInclude Include="GameObject\KingJellyfish.h">
      <Filter>03. GameObject</Filter>
    </ClInclude>
    <ClInclude Include="GameObject\Missile.h">
      <Filter>03. GameObject</Filter>
    </ClInclude>
    <ClInclude Include="GameObject\Monster.h">
      <Filter>03. GameObject</Filter>
    </ClInclude>
    <ClInclude Include="GameObject\PatrickObject.h">
      <Filter>03. GameObject</Filter>
    </ClInclude>
    <ClInclude Include="GameObject\Player.h">
      <Filter>03. GameObject</Filter>
    </ClInclude>
    <ClInclude Include="GameObject\Pufferfish.h">
      <Filter>03. GameObject</Filter>
    </ClInclude>
    <ClInclude Include="GameObject\SpongebobMissile.h">
      <Filter>03. GameObject</Filter>
    </ClInclude>
    <ClInclude Include="GameObject\TeeterRock.h">
      <Filter>03. GameObject</Filter>
    </ClInclude>
    <ClInclude Include="GameObject\Weapon.h">
      <Filter>03. GameObject</Filter>
    </ClInclude>
    <ClInclude Include="GameObject\Tikis\Tiki_Stone.h">
      <Filter>03. GameObject</Filter>
    </ClInclude>
    <ClInclude Include="GameObject\Tikis\Tiki_Thunder.h">
      <Filter>03. GameObject</Filter>
    </ClInclude>
    <ClInclude Include="GameObject\Tikis\Tiki_Wood.h">
      <Filter>03. GameObject</Filter>
    </ClInclude>
    <ClInclude Include="GameObject\Tikis\TikiBase.h">
      <Filter>03. GameObject</Filter>
    </ClInclude>
    <ClInclude Include="GameObject\Object\CheckPoint.h">
      <Filter>03. GameObject</Filter>
    </ClInclude>
    <ClInclude Include="GameObject\Object\Gate.h">
      <Filter>03. GameObject</Filter>
    </ClInclude>
    <ClInclude Include="GameObject\Object\IceCube.h">
      <Filter>03. GameObject</Filter>
    </ClInclude>
    <ClInclude Include="GameObject\Object\JumpTree.h">
      <Filter>03. GameObject</Filter>
    </ClInclude>
    <ClInclude Include="GameObject\Object\Pool.h">
      <Filter>03. GameObject</Filter>
    </ClInclude>
    <ClInclude Include="GameObject\Object\TeleportBox.h">
      <Filter>03. GameObject</Filter>
    </ClInclude>
    <ClInclude Include="GameObject\Object\JFF\Grass.h">
      <Filter>03. GameObject</Filter>
    </ClInclude>
    <ClInclude Include="GameObject\Object\Common\InteractButton.h">
      <Filter>03. GameObject</Filter>
    </ClInclude>
    <ClInclude Include="GameObject\Object\Common\Trampoline.h">
      <Filter>03. GameObject</Filter>
    </ClInclude>
    <ClInclude Include="GameObject\Object\Common\Collectible\CollectibleItems.h">
      <Filter>03. GameObject</Filter>
    </ClInclude>
    <ClInclude Include="GameObject\Object\Common\Collectible\GoldenSpatula.h">
      <Filter>03. GameObject</Filter>
    </ClInclude>
    <ClInclude Include="GameObject\Object\Common\Collectible\ShinyFlower.h">
      <Filter>03. GameObject</Filter>
    </ClInclude>
    <ClInclude Include="GameObject\Object\Common\Collectible\Sock.h">
      <Filter>03. GameObject</Filter>
    </ClInclude>
    <ClInclude Include="GameObject\Object\Common\Collectible\UnderWear.h">
      <Filter>03. GameObject</Filter>
    </ClInclude>
    <ClInclude Include="GameObject\Object\CBL\CBL_BaseMesh.h">
      <Filter>03. GameObject</Filter>
    </ClInclude>
    <ClInclude Include="GameObject\Object\CBL\CBL_Floor.h">
      <Filter>03. GameObject</Filter>
    </ClInclude>
    <ClInclude Include="GameObject\Object\CBL\CBL_Platform.h">
      <Filter>03. GameObject</Filter>
    </ClInclude>
    <ClInclude Include="GameObject\Object\BB\BusStop.h">
      <Filter>03. GameObject</Filter>
    </ClInclude>
    <ClInclude Include="GameObject\Npc\BusDriver.h">
      <Filter>03. GameObject</Filter>
    </ClInclude>
    <ClInclude Include="GameObject\Npc\InfoSign.h">
      <Filter>03. GameObject</Filter>
    </ClInclude>
    <ClInclude Include="GameObject\Npc\MrKrabs.h">
      <Filter>03. GameObject</Filter>
    </ClInclude>
    <ClInclude Include="GameObject\Npc\Npc.h">
      <Filter>03. GameObject</Filter>
    </ClInclude>
    <ClInclude Include="GameObject\Npc\Patric.h">
      <Filter>03. GameObject</Filter>
    </ClInclude>
    <ClInclude Include="GameObject\Npc\Squidward.h">
      <Filter>03. GameObject</Filter>
    </ClInclude>
    <ClInclude Include="GameObject\Npc\TaxiDriver.h">
      <Filter>03. GameObject</Filter>
    </ClInclude>
    <ClInclude Include="GameObject\BossMonster\BossMonster.h">
      <Filter>03. GameObject</Filter>
    </ClInclude>
    <ClInclude Include="GameObject\BossMonster\RoboSponge\RoboSponge.h">
      <Filter>03. GameObject</Filter>
    </ClInclude>
    <ClInclude Include="GameObject\BossMonster\RoboSponge\RoboSponge_AttackWords.h">
      <Filter>03. GameObject</Filter>
    </ClInclude>
    <ClInclude Include="GameObject\BossMonster\RoboSponge\RoboSponge_Knob.h">
      <Filter>03. GameObject</Filter>
    </ClInclude>
    <ClInclude Include="Setting\PlayerSkill.h">
      <Filter>04. Setting</Filter>
    </ClInclude>
  </ItemGroup>
  <ItemGroup>
    <ResourceCompile Include="Client3D.rc">
      <Filter>리소스 파일</Filter>
    </ResourceCompile>
  </ItemGroup>
  <ItemGroup>
    <Image Include="icon1.ico">
      <Filter>리소스 파일</Filter>
    </Image>
  </ItemGroup>
</Project>